
Microsoft Visual Studio Solution File, Format Version 12.00
# Visual Studio Version 16
VisualStudioVersion = 16.0.30907.101
MinimumVisualStudioVersion = 10.0.40219.1
Project("{FAE04EC0-301F-11D3-BF4B-00C04F79EFBC}") = "ProductionImprovementService", "ProductionImprovementService\ProductionImprovementService.csproj", "{51CB63F2-D5A9-4611-8FCC-E5B7D9A2FB41}"
EndProject
Global
	GlobalSection(SolutionConfigurationPlatforms) = preSolution
		Debug|Any CPU = Debug|Any CPU
		Release|Any CPU = Release|Any CPU
	EndGlobalSection
	GlobalSection(ProjectConfigurationPlatforms) = postSolution
		{51CB63F2-D5A9-4611-8FCC-E5B7D9A2FB41}.Debug|Any CPU.ActiveCfg = Debug|Any CPU
		{51CB63F2-D5A9-4611-8FCC-E5B7D9A2FB41}.Debug|Any CPU.Build.0 = Debug|Any CPU
		{51CB63F2-D5A9-4611-8FCC-E5B7D9A2FB41}.Release|Any CPU.ActiveCfg = Release|Any CPU
		{51CB63F2-D5A9-4611-8FCC-E5B7D9A2FB41}.Release|Any CPU.Build.0 = Release|Any CPU
	EndGlobalSection
	GlobalSection(SolutionProperties) = preSolution
		HideSolutionNode = FALSE
	EndGlobalSection
	GlobalSection(ExtensibilityGlobals) = postSolution
		SolutionGuid = {4169FC1A-DE3E-466B-ACF3-592F59F377F9}
	EndGlobalSection
EndGlobal
